
Microsoft Visual Studio Solution File, Format Version 12.00
Project("{FAE04EC0-301F-11D3-BF4B-00C04F79EFBC}") = "FZtarOGL", "FZtarOGL\FZtarOGL.csproj", "{359C1571-4C27-4F88-87FF-0EA05AF7A7CC}"
EndProject
Global
	GlobalSection(SolutionConfigurationPlatforms) = preSolution
		Debug|Any CPU = Debug|Any CPU
		Release|Any CPU = Release|Any CPU
	EndGlobalSection
	GlobalSection(ProjectConfigurationPlatforms) = postSolution
		{359C1571-4C27-4F88-87FF-0EA05AF7A7CC}.Debug|Any CPU.ActiveCfg = Debug|Any CPU
		{359C1571-4C27-4F88-87FF-0EA05AF7A7CC}.Debug|Any CPU.Build.0 = Debug|Any CPU
		{359C1571-4C27-4F88-87FF-0EA05AF7A7CC}.Release|Any CPU.ActiveCfg = Release|Any CPU
		{359C1571-4C27-4F88-87FF-0EA05AF7A7CC}.Release|Any CPU.Build.0 = Release|Any CPU
	EndGlobalSection
EndGlobal
